
Microsoft Visual Studio Solution File, Format Version 12.00
# Visual Studio 15
VisualStudioVersion = 15.0.28010.2026
MinimumVisualStudioVersion = 10.0.40219.1
Project("{FAE04EC0-301F-11D3-BF4B-00C04F79EFBC}") = "SEDC.Millionaire.Library", "SEDC.Millionaire.Library\SEDC.Millionaire.Library.csproj", "{E975B7CB-9B99-46BB-BD06-3620878760F5}"
EndProject
Project("{FAE04EC0-301F-11D3-BF4B-00C04F79EFBC}") = "SEDC.Millionaire.App", "SEDC.Millionaire.App\SEDC.Millionaire.App.csproj", "{10A0988F-C7B8-40B6-A47D-DA2883A53B8E}"
EndProject
Global
	GlobalSection(SolutionConfigurationPlatforms) = preSolution
		Debug|Any CPU = Debug|Any CPU
		Release|Any CPU = Release|Any CPU
	EndGlobalSection
	GlobalSection(ProjectConfigurationPlatforms) = postSolution
		{E975B7CB-9B99-46BB-BD06-3620878760F5}.Debug|Any CPU.ActiveCfg = Debug|Any CPU
		{E975B7CB-9B99-46BB-BD06-3620878760F5}.Debug|Any CPU.Build.0 = Debug|Any CPU
		{E975B7CB-9B99-46BB-BD06-3620878760F5}.Release|Any CPU.ActiveCfg = Release|Any CPU
		{E975B7CB-9B99-46BB-BD06-3620878760F5}.Release|Any CPU.Build.0 = Release|Any CPU
		{10A0988F-C7B8-40B6-A47D-DA2883A53B8E}.Debug|Any CPU.ActiveCfg = Debug|Any CPU
		{10A0988F-C7B8-40B6-A47D-DA2883A53B8E}.Debug|Any CPU.Build.0 = Debug|Any CPU
		{10A0988F-C7B8-40B6-A47D-DA2883A53B8E}.Release|Any CPU.ActiveCfg = Release|Any CPU
		{10A0988F-C7B8-40B6-A47D-DA2883A53B8E}.Release|Any CPU.Build.0 = Release|Any CPU
	EndGlobalSection
	GlobalSection(SolutionProperties) = preSolution
		HideSolutionNode = FALSE
	EndGlobalSection
	GlobalSection(ExtensibilityGlobals) = postSolution
		SolutionGuid = {6FE9B6C2-981D-4251-B76D-726D412AED0C}
	EndGlobalSection
EndGlobal
