
Microsoft Visual Studio Solution File, Format Version 12.00
# Visual Studio 15
VisualStudioVersion = 15.0.28307.168
MinimumVisualStudioVersion = 10.0.40219.1
Project("{FAE04EC0-301F-11D3-BF4B-00C04F79EFBC}") = "Inheritance", "Inheritance\Inheritance.csproj", "{BDF18DD3-3943-4743-B06E-F7C3F5B3B668}"
EndProject
Project("{FAE04EC0-301F-11D3-BF4B-00C04F79EFBC}") = "ExerciseEntities", "ExerciseEntities\ExerciseEntities.csproj", "{C5A59F73-0D97-4C50-8569-7EA95C1A77F8}"
EndProject
Project("{FAE04EC0-301F-11D3-BF4B-00C04F79EFBC}") = "Exercises", "Exercises\Exercises.csproj", "{151B5A34-CD6D-4E14-82CA-3AB2C66E685C}"
EndProject
Global
	GlobalSection(SolutionConfigurationPlatforms) = preSolution
		Debug|Any CPU = Debug|Any CPU
		Release|Any CPU = Release|Any CPU
	EndGlobalSection
	GlobalSection(ProjectConfigurationPlatforms) = postSolution
		{BDF18DD3-3943-4743-B06E-F7C3F5B3B668}.Debug|Any CPU.ActiveCfg = Debug|Any CPU
		{BDF18DD3-3943-4743-B06E-F7C3F5B3B668}.Debug|Any CPU.Build.0 = Debug|Any CPU
		{BDF18DD3-3943-4743-B06E-F7C3F5B3B668}.Release|Any CPU.ActiveCfg = Release|Any CPU
		{BDF18DD3-3943-4743-B06E-F7C3F5B3B668}.Release|Any CPU.Build.0 = Release|Any CPU
		{C5A59F73-0D97-4C50-8569-7EA95C1A77F8}.Debug|Any CPU.ActiveCfg = Debug|Any CPU
		{C5A59F73-0D97-4C50-8569-7EA95C1A77F8}.Debug|Any CPU.Build.0 = Debug|Any CPU
		{C5A59F73-0D97-4C50-8569-7EA95C1A77F8}.Release|Any CPU.ActiveCfg = Release|Any CPU
		{C5A59F73-0D97-4C50-8569-7EA95C1A77F8}.Release|Any CPU.Build.0 = Release|Any CPU
		{151B5A34-CD6D-4E14-82CA-3AB2C66E685C}.Debug|Any CPU.ActiveCfg = Debug|Any CPU
		{151B5A34-CD6D-4E14-82CA-3AB2C66E685C}.Debug|Any CPU.Build.0 = Debug|Any CPU
		{151B5A34-CD6D-4E14-82CA-3AB2C66E685C}.Release|Any CPU.ActiveCfg = Release|Any CPU
		{151B5A34-CD6D-4E14-82CA-3AB2C66E685C}.Release|Any CPU.Build.0 = Release|Any CPU
	EndGlobalSection
	GlobalSection(SolutionProperties) = preSolution
		HideSolutionNode = FALSE
	EndGlobalSection
	GlobalSection(ExtensibilityGlobals) = postSolution
		SolutionGuid = {F6155E2D-E670-4D7D-A74C-DC1A03C20D52}
	EndGlobalSection
EndGlobal
