
Microsoft Visual Studio Solution File, Format Version 12.00
# Visual Studio 15
VisualStudioVersion = 15.0.28307.168
MinimumVisualStudioVersion = 10.0.40219.1
Project("{FAE04EC0-301F-11D3-BF4B-00C04F79EFBC}") = "Exercises", "Exercises\Exercises.csproj", "{A6713123-93FF-4631-9DF1-10664864AC70}"
EndProject
Global
	GlobalSection(SolutionConfigurationPlatforms) = preSolution
		Debug|Any CPU = Debug|Any CPU
		Release|Any CPU = Release|Any CPU
	EndGlobalSection
	GlobalSection(ProjectConfigurationPlatforms) = postSolution
		{A6713123-93FF-4631-9DF1-10664864AC70}.Debug|Any CPU.ActiveCfg = Debug|Any CPU
		{A6713123-93FF-4631-9DF1-10664864AC70}.Debug|Any CPU.Build.0 = Debug|Any CPU
		{A6713123-93FF-4631-9DF1-10664864AC70}.Release|Any CPU.ActiveCfg = Release|Any CPU
		{A6713123-93FF-4631-9DF1-10664864AC70}.Release|Any CPU.Build.0 = Release|Any CPU
	EndGlobalSection
	GlobalSection(SolutionProperties) = preSolution
		HideSolutionNode = FALSE
	EndGlobalSection
	GlobalSection(ExtensibilityGlobals) = postSolution
		SolutionGuid = {D085B675-3D1A-407E-A96E-6BFBD34CEF55}
	EndGlobalSection
EndGlobal
