
Microsoft Visual Studio Solution File, Format Version 12.00
# Visual Studio 15
VisualStudioVersion = 15.0.28010.2041
MinimumVisualStudioVersion = 10.0.40219.1
Project("{FAE04EC0-301F-11D3-BF4B-00C04F79EFBC}") = "Classes", "Classes\Classes.csproj", "{7E3211D8-DF9F-416F-A2A7-4288AE3C7316}"
EndProject
Global
	GlobalSection(SolutionConfigurationPlatforms) = preSolution
		Debug|Any CPU = Debug|Any CPU
		Release|Any CPU = Release|Any CPU
	EndGlobalSection
	GlobalSection(ProjectConfigurationPlatforms) = postSolution
		{7E3211D8-DF9F-416F-A2A7-4288AE3C7316}.Debug|Any CPU.ActiveCfg = Debug|Any CPU
		{7E3211D8-DF9F-416F-A2A7-4288AE3C7316}.Debug|Any CPU.Build.0 = Debug|Any CPU
		{7E3211D8-DF9F-416F-A2A7-4288AE3C7316}.Release|Any CPU.ActiveCfg = Release|Any CPU
		{7E3211D8-DF9F-416F-A2A7-4288AE3C7316}.Release|Any CPU.Build.0 = Release|Any CPU
	EndGlobalSection
	GlobalSection(SolutionProperties) = preSolution
		HideSolutionNode = FALSE
	EndGlobalSection
	GlobalSection(ExtensibilityGlobals) = postSolution
		SolutionGuid = {EAED1A98-0FAA-4167-AFF5-F4514EFC0897}
	EndGlobalSection
EndGlobal
