
Microsoft Visual Studio Solution File, Format Version 12.00
# Visual Studio 15
VisualStudioVersion = 15.0.28307.421
MinimumVisualStudioVersion = 10.0.40219.1
Project("{FAE04EC0-301F-11D3-BF4B-00C04F79EFBC}") = "DogsWorld", "DogsWorld\DogsWorld.csproj", "{0A7DC970-C59F-4884-B09F-F99D9C306032}"
EndProject
Project("{FAE04EC0-301F-11D3-BF4B-00C04F79EFBC}") = "DogPound", "DogPound\DogPound.csproj", "{1F6A3135-431B-43D9-82C2-E8177814A4FB}"
EndProject
Global
	GlobalSection(SolutionConfigurationPlatforms) = preSolution
		Debug|Any CPU = Debug|Any CPU
		Release|Any CPU = Release|Any CPU
	EndGlobalSection
	GlobalSection(ProjectConfigurationPlatforms) = postSolution
		{0A7DC970-C59F-4884-B09F-F99D9C306032}.Debug|Any CPU.ActiveCfg = Debug|Any CPU
		{0A7DC970-C59F-4884-B09F-F99D9C306032}.Debug|Any CPU.Build.0 = Debug|Any CPU
		{0A7DC970-C59F-4884-B09F-F99D9C306032}.Release|Any CPU.ActiveCfg = Release|Any CPU
		{0A7DC970-C59F-4884-B09F-F99D9C306032}.Release|Any CPU.Build.0 = Release|Any CPU
		{1F6A3135-431B-43D9-82C2-E8177814A4FB}.Debug|Any CPU.ActiveCfg = Debug|Any CPU
		{1F6A3135-431B-43D9-82C2-E8177814A4FB}.Debug|Any CPU.Build.0 = Debug|Any CPU
		{1F6A3135-431B-43D9-82C2-E8177814A4FB}.Release|Any CPU.ActiveCfg = Release|Any CPU
		{1F6A3135-431B-43D9-82C2-E8177814A4FB}.Release|Any CPU.Build.0 = Release|Any CPU
	EndGlobalSection
	GlobalSection(SolutionProperties) = preSolution
		HideSolutionNode = FALSE
	EndGlobalSection
	GlobalSection(ExtensibilityGlobals) = postSolution
		SolutionGuid = {57A0446F-FDA9-4DFE-8145-B48FED7B6864}
	EndGlobalSection
EndGlobal
