
Microsoft Visual Studio Solution File, Format Version 12.00
# Visual Studio 15
VisualStudioVersion = 15.0.28307.329
MinimumVisualStudioVersion = 10.0.40219.1
Project("{FAE04EC0-301F-11D3-BF4B-00C04F79EFBC}") = "Multiplyer", "DemoConsole\Multiplyer.csproj", "{3A79AC9E-4C55-4DF2-9349-64FF01C72D5A}"
EndProject
Project("{FAE04EC0-301F-11D3-BF4B-00C04F79EFBC}") = "AppleBaskets", "AppleBaskets\AppleBaskets.csproj", "{A4D1E37C-F649-4414-A6DE-33F822FA460A}"
EndProject
Project("{FAE04EC0-301F-11D3-BF4B-00C04F79EFBC}") = "BiggerIsBetter", "BiggerIsBetter\BiggerIsBetter.csproj", "{761C31F6-CE4F-49A5-9C3F-C9BF2D345DD0}"
EndProject
Project("{FAE04EC0-301F-11D3-BF4B-00C04F79EFBC}") = "DayOfWeek", "DayOfWeek\DayOfWeek.csproj", "{10DF15B2-E919-4A54-AD28-F5399562B9D8}"
EndProject
Global
	GlobalSection(SolutionConfigurationPlatforms) = preSolution
		Debug|Any CPU = Debug|Any CPU
		Release|Any CPU = Release|Any CPU
	EndGlobalSection
	GlobalSection(ProjectConfigurationPlatforms) = postSolution
		{3A79AC9E-4C55-4DF2-9349-64FF01C72D5A}.Debug|Any CPU.ActiveCfg = Debug|Any CPU
		{3A79AC9E-4C55-4DF2-9349-64FF01C72D5A}.Debug|Any CPU.Build.0 = Debug|Any CPU
		{3A79AC9E-4C55-4DF2-9349-64FF01C72D5A}.Release|Any CPU.ActiveCfg = Release|Any CPU
		{3A79AC9E-4C55-4DF2-9349-64FF01C72D5A}.Release|Any CPU.Build.0 = Release|Any CPU
		{A4D1E37C-F649-4414-A6DE-33F822FA460A}.Debug|Any CPU.ActiveCfg = Debug|Any CPU
		{A4D1E37C-F649-4414-A6DE-33F822FA460A}.Debug|Any CPU.Build.0 = Debug|Any CPU
		{A4D1E37C-F649-4414-A6DE-33F822FA460A}.Release|Any CPU.ActiveCfg = Release|Any CPU
		{A4D1E37C-F649-4414-A6DE-33F822FA460A}.Release|Any CPU.Build.0 = Release|Any CPU
		{761C31F6-CE4F-49A5-9C3F-C9BF2D345DD0}.Debug|Any CPU.ActiveCfg = Debug|Any CPU
		{761C31F6-CE4F-49A5-9C3F-C9BF2D345DD0}.Debug|Any CPU.Build.0 = Debug|Any CPU
		{761C31F6-CE4F-49A5-9C3F-C9BF2D345DD0}.Release|Any CPU.ActiveCfg = Release|Any CPU
		{761C31F6-CE4F-49A5-9C3F-C9BF2D345DD0}.Release|Any CPU.Build.0 = Release|Any CPU
		{10DF15B2-E919-4A54-AD28-F5399562B9D8}.Debug|Any CPU.ActiveCfg = Debug|Any CPU
		{10DF15B2-E919-4A54-AD28-F5399562B9D8}.Debug|Any CPU.Build.0 = Debug|Any CPU
		{10DF15B2-E919-4A54-AD28-F5399562B9D8}.Release|Any CPU.ActiveCfg = Release|Any CPU
		{10DF15B2-E919-4A54-AD28-F5399562B9D8}.Release|Any CPU.Build.0 = Release|Any CPU
	EndGlobalSection
	GlobalSection(SolutionProperties) = preSolution
		HideSolutionNode = FALSE
	EndGlobalSection
	GlobalSection(ExtensibilityGlobals) = postSolution
		SolutionGuid = {ADE2EEBA-21FE-4738-AF4B-E69D1BDD122A}
	EndGlobalSection
EndGlobal
