
Microsoft Visual Studio Solution File, Format Version 12.00
# Visual Studio 15
VisualStudioVersion = 15.0.28307.438
MinimumVisualStudioVersion = 10.0.40219.1
Project("{FAE04EC0-301F-11D3-BF4B-00C04F79EFBC}") = "Store.App", "Store.App\Store.App.csproj", "{A312F0D6-5410-4694-8E79-80142B13B4D8}"
EndProject
Global
	GlobalSection(SolutionConfigurationPlatforms) = preSolution
		Debug|Any CPU = Debug|Any CPU
		Release|Any CPU = Release|Any CPU
	EndGlobalSection
	GlobalSection(ProjectConfigurationPlatforms) = postSolution
		{A312F0D6-5410-4694-8E79-80142B13B4D8}.Debug|Any CPU.ActiveCfg = Debug|Any CPU
		{A312F0D6-5410-4694-8E79-80142B13B4D8}.Debug|Any CPU.Build.0 = Debug|Any CPU
		{A312F0D6-5410-4694-8E79-80142B13B4D8}.Release|Any CPU.ActiveCfg = Release|Any CPU
		{A312F0D6-5410-4694-8E79-80142B13B4D8}.Release|Any CPU.Build.0 = Release|Any CPU
	EndGlobalSection
	GlobalSection(SolutionProperties) = preSolution
		HideSolutionNode = FALSE
	EndGlobalSection
	GlobalSection(ExtensibilityGlobals) = postSolution
		SolutionGuid = {127CABFA-F174-4B43-8724-14172F5AC709}
	EndGlobalSection
EndGlobal
