
Microsoft Visual Studio Solution File, Format Version 12.00
# Visual Studio 15
VisualStudioVersion = 15.0.28307.168
MinimumVisualStudioVersion = 10.0.40219.1
Project("{FAE04EC0-301F-11D3-BF4B-00C04F79EFBC}") = "Collections", "Collections\Collections.csproj", "{5E430C00-98D4-4B5E-A2AA-FD21C9923C5F}"
EndProject
Project("{FAE04EC0-301F-11D3-BF4B-00C04F79EFBC}") = "Exercises", "Exercises\Exercises.csproj", "{1AF5C7CB-E159-4A39-8767-8B05DA758810}"
EndProject
Project("{FAE04EC0-301F-11D3-BF4B-00C04F79EFBC}") = "ClassDemoExamples", "ClassDemoExamples\ClassDemoExamples.csproj", "{638A2AA0-E104-4A2F-8F51-CA57736E0092}"
EndProject
Global
	GlobalSection(SolutionConfigurationPlatforms) = preSolution
		Debug|Any CPU = Debug|Any CPU
		Release|Any CPU = Release|Any CPU
	EndGlobalSection
	GlobalSection(ProjectConfigurationPlatforms) = postSolution
		{5E430C00-98D4-4B5E-A2AA-FD21C9923C5F}.Debug|Any CPU.ActiveCfg = Debug|Any CPU
		{5E430C00-98D4-4B5E-A2AA-FD21C9923C5F}.Debug|Any CPU.Build.0 = Debug|Any CPU
		{5E430C00-98D4-4B5E-A2AA-FD21C9923C5F}.Release|Any CPU.ActiveCfg = Release|Any CPU
		{5E430C00-98D4-4B5E-A2AA-FD21C9923C5F}.Release|Any CPU.Build.0 = Release|Any CPU
		{1AF5C7CB-E159-4A39-8767-8B05DA758810}.Debug|Any CPU.ActiveCfg = Debug|Any CPU
		{1AF5C7CB-E159-4A39-8767-8B05DA758810}.Debug|Any CPU.Build.0 = Debug|Any CPU
		{1AF5C7CB-E159-4A39-8767-8B05DA758810}.Release|Any CPU.ActiveCfg = Release|Any CPU
		{1AF5C7CB-E159-4A39-8767-8B05DA758810}.Release|Any CPU.Build.0 = Release|Any CPU
		{638A2AA0-E104-4A2F-8F51-CA57736E0092}.Debug|Any CPU.ActiveCfg = Debug|Any CPU
		{638A2AA0-E104-4A2F-8F51-CA57736E0092}.Debug|Any CPU.Build.0 = Debug|Any CPU
		{638A2AA0-E104-4A2F-8F51-CA57736E0092}.Release|Any CPU.ActiveCfg = Release|Any CPU
		{638A2AA0-E104-4A2F-8F51-CA57736E0092}.Release|Any CPU.Build.0 = Release|Any CPU
	EndGlobalSection
	GlobalSection(SolutionProperties) = preSolution
		HideSolutionNode = FALSE
	EndGlobalSection
	GlobalSection(ExtensibilityGlobals) = postSolution
		SolutionGuid = {20797511-6BB9-479F-9AA2-CEAB3D6BBDB6}
	EndGlobalSection
EndGlobal
