
Microsoft Visual Studio Solution File, Format Version 12.00
# Visual Studio 15
VisualStudioVersion = 15.0.28307.421
MinimumVisualStudioVersion = 10.0.40219.1
Project("{FAE04EC0-301F-11D3-BF4B-00C04F79EFBC}") = "ConsoleApp3", "ConsoleApp3\ConsoleApp3.csproj", "{DA64E854-BA05-44D2-92DB-CD3D4CC75D6E}"
EndProject
Global
	GlobalSection(SolutionConfigurationPlatforms) = preSolution
		Debug|Any CPU = Debug|Any CPU
		Release|Any CPU = Release|Any CPU
	EndGlobalSection
	GlobalSection(ProjectConfigurationPlatforms) = postSolution
		{DA64E854-BA05-44D2-92DB-CD3D4CC75D6E}.Debug|Any CPU.ActiveCfg = Debug|Any CPU
		{DA64E854-BA05-44D2-92DB-CD3D4CC75D6E}.Debug|Any CPU.Build.0 = Debug|Any CPU
		{DA64E854-BA05-44D2-92DB-CD3D4CC75D6E}.Release|Any CPU.ActiveCfg = Release|Any CPU
		{DA64E854-BA05-44D2-92DB-CD3D4CC75D6E}.Release|Any CPU.Build.0 = Release|Any CPU
	EndGlobalSection
	GlobalSection(SolutionProperties) = preSolution
		HideSolutionNode = FALSE
	EndGlobalSection
	GlobalSection(ExtensibilityGlobals) = postSolution
		SolutionGuid = {F403F02B-9F2C-40AA-AB15-F7BEE2DB5B42}
	EndGlobalSection
EndGlobal
