
Microsoft Visual Studio Solution File, Format Version 12.00
# Visual Studio 15
VisualStudioVersion = 15.0.28307.421
MinimumVisualStudioVersion = 10.0.40219.1
Project("{FAE04EC0-301F-11D3-BF4B-00C04F79EFBC}") = "SEDC_Class3", "SEDC_Class3\SEDC_Class3.csproj", "{82AACE62-05CE-4C06-9C0D-0B387479AB02}"
EndProject
Global
	GlobalSection(SolutionConfigurationPlatforms) = preSolution
		Debug|Any CPU = Debug|Any CPU
		Release|Any CPU = Release|Any CPU
	EndGlobalSection
	GlobalSection(ProjectConfigurationPlatforms) = postSolution
		{82AACE62-05CE-4C06-9C0D-0B387479AB02}.Debug|Any CPU.ActiveCfg = Debug|Any CPU
		{82AACE62-05CE-4C06-9C0D-0B387479AB02}.Debug|Any CPU.Build.0 = Debug|Any CPU
		{82AACE62-05CE-4C06-9C0D-0B387479AB02}.Release|Any CPU.ActiveCfg = Release|Any CPU
		{82AACE62-05CE-4C06-9C0D-0B387479AB02}.Release|Any CPU.Build.0 = Release|Any CPU
	EndGlobalSection
	GlobalSection(SolutionProperties) = preSolution
		HideSolutionNode = FALSE
	EndGlobalSection
	GlobalSection(ExtensibilityGlobals) = postSolution
		SolutionGuid = {F89FF679-F7EE-4575-912D-9C6F084F0524}
	EndGlobalSection
EndGlobal
